
Microsoft Visual Studio Solution File, Format Version 12.00
# Visual Studio Version 16
VisualStudioVersion = 16.0.30517.126
MinimumVisualStudioVersion = 10.0.40219.1
Project("{F184B08F-C81C-45F6-A57F-5ABD9991F28F}") = "GGJ2021", "GGJ2021.vbproj", "{5FB70F06-BF03-4096-874D-FE6D92F15D4B}"
EndProject
Project("{2150E333-8FDC-42A3-9474-1A3956D46DE8}") = "Solution Items", "Solution Items", "{7CDB46CE-6ADE-4E50-A9F7-AEDA8CFAFB0E}"
	ProjectSection(SolutionItems) = preProject
		.editorconfig = .editorconfig
	EndProjectSection
EndProject
Global
	GlobalSection(SolutionConfigurationPlatforms) = preSolution
		Debug|Any CPU = Debug|Any CPU
		Release|Any CPU = Release|Any CPU
	EndGlobalSection
	GlobalSection(ProjectConfigurationPlatforms) = postSolution
		{5FB70F06-BF03-4096-874D-FE6D92F15D4B}.Debug|Any CPU.ActiveCfg = Debug|Any CPU
		{5FB70F06-BF03-4096-874D-FE6D92F15D4B}.Debug|Any CPU.Build.0 = Debug|Any CPU
		{5FB70F06-BF03-4096-874D-FE6D92F15D4B}.Release|Any CPU.ActiveCfg = Release|Any CPU
		{5FB70F06-BF03-4096-874D-FE6D92F15D4B}.Release|Any CPU.Build.0 = Release|Any CPU
	EndGlobalSection
	GlobalSection(SolutionProperties) = preSolution
		HideSolutionNode = FALSE
	EndGlobalSection
	GlobalSection(ExtensibilityGlobals) = postSolution
		SolutionGuid = {6C0BCCC2-A556-4181-8C7D-C8F9AE04BB75}
	EndGlobalSection
EndGlobal
